
Microsoft Visual Studio Solution File, Format Version 12.00
# Visual Studio Version 16
VisualStudioVersion = 16.0.28803.202
MinimumVisualStudioVersion = 10.0.40219.1
Project("{FAE04EC0-301F-11D3-BF4B-00C04F79EFBC}") = "Vika_Anti_VMP_OOP_3.5_Based", "Vika_Anti_VMP_OOP_3.5_Based.csproj", "{45260045-AD00-47E7-92A4-EBD491498E9E}"
EndProject
Global
	GlobalSection(SolutionConfigurationPlatforms) = preSolution
		Debug|Any CPU = Debug|Any CPU
		Release|Any CPU = Release|Any CPU
	EndGlobalSection
	GlobalSection(ProjectConfigurationPlatforms) = postSolution
		{45260045-AD00-47E7-92A4-EBD491498E9E}.Debug|Any CPU.ActiveCfg = Debug|Any CPU
		{45260045-AD00-47E7-92A4-EBD491498E9E}.Debug|Any CPU.Build.0 = Debug|Any CPU
		{45260045-AD00-47E7-92A4-EBD491498E9E}.Release|Any CPU.ActiveCfg = Release|Any CPU
		{45260045-AD00-47E7-92A4-EBD491498E9E}.Release|Any CPU.Build.0 = Release|Any CPU
	EndGlobalSection
	GlobalSection(SolutionProperties) = preSolution
		HideSolutionNode = FALSE
	EndGlobalSection
	GlobalSection(ExtensibilityGlobals) = postSolution
		SolutionGuid = {C430315E-B9C2-4774-A373-0D85C41FF246}
	EndGlobalSection
EndGlobal
